{
  "name": "geophis",
  "version": "1.0.0",
  "lockfileVersion": 3,
  "requires": true,
  "packages": {
    "": {
      "name": "geophis",
      "version": "1.0.0",
      "license": "ISC",
      "dependencies": {
        "@ngrok/ngrok": "^1.7.0",
        "commander": "^14.0.3",
        "ssh2": "^1.17.0"
      }
    },
    "node_modules/@ngrok/ngrok": {
      "version": "1.7.0",
      "resolved": "https://registry.npmjs.org/@ngrok/ngrok/-/ngrok-1.7.0.tgz",
      "integrity": "sha512-P06o9TpxrJbiRbHQkiwy/rUrlXRupc+Z8KT4MiJfmcdWxvIdzjCaJOdnNkcOTs6DMyzIOefG5tvk/HLdtjqr0g==",
      "license": "(MIT OR Apache-2.0)",
      "engines": {
        "node": ">= 10"
      },
      "optionalDependencies": {
        "@ngrok/ngrok-android-arm64": "1.7.0",
        "@ngrok/ngrok-darwin-arm64": "1.7.0",
        "@ngrok/ngrok-darwin-universal": "1.7.0",
        "@ngrok/ngrok-darwin-x64": "1.7.0",
        "@ngrok/ngrok-freebsd-x64": "1.7.0",
        "@ngrok/ngrok-linux-arm-gnueabihf": "1.7.0",
        "@ngrok/ngrok-linux-arm64-gnu": "1.7.0",
        "@ngrok/ngrok-linux-arm64-musl": "1.7.0",
        "@ngrok/ngrok-linux-x64-gnu": "1.7.0",
        "@ngrok/ngrok-linux-x64-musl": "1.7.0",
        "@ngrok/ngrok-win32-arm64-msvc": "1.7.0",
        "@ngrok/ngrok-win32-ia32-msvc": "1.7.0",
        "@ngrok/ngrok-win32-x64-msvc": "1.7.0"
      }
    },
    "node_modules/@ngrok/ngrok-android-arm64": {
      "version": "1.7.0",
      "resolved": "https://registry.npmjs.org/@ngrok/ngrok-android-arm64/-/ngrok-android-arm64-1.7.0.tgz",
      "integrity": "sha512-8tco3ID6noSaNy+CMS7ewqPoIkIM6XO5COCzsUp3Wv3XEbMSyn65RN6cflX2JdqLfUCHcMyD0ahr9IEiHwqmbQ==",
      "cpu": [
        "arm64"
      ],
      "license": "MIT",
      "optional": true,
      "os": [
        "android"
      ],
      "engines": {
        "node": ">= 10"
      }
    },
    "node_modules/@ngrok/ngrok-darwin-arm64": {
      "version": "1.7.0",
      "resolved": "https://registry.npmjs.org/@ngrok/ngrok-darwin-arm64/-/ngrok-darwin-arm64-1.7.0.tgz",
      "integrity": "sha512-+dmJSOzSO+MNDVrPOca2yYDP1W3KfP4qOlAkarIeFRIfqonQwq3QCBmcR7HAlZocLsSqEwyG6KP4RRvAuT0WGQ==",
      "cpu": [
        "arm64"
      ],
      "license": "MIT",
      "optional": true,
      "os": [
        "darwin"
      ],
      "engines": {
        "node": ">= 10"
      }
    },
    "node_modules/@ngrok/ngrok-darwin-universal": {
      "version": "1.7.0",
      "resolved": "https://registry.npmjs.org/@ngrok/ngrok-darwin-universal/-/ngrok-darwin-universal-1.7.0.tgz",
      "integrity": "sha512-fDEfewyE2pWGFBhOSwQZObeHUkc65U1l+3HIgSOe094TMHsqmyJD0KTCgW9KSn0VP4OvDZbAISi1T3nvqgZYhQ==",
      "license": "MIT",
      "optional": true,
      "os": [
        "darwin"
      ],
      "engines": {
        "node": ">= 10"
      }
    },
    "node_modules/@ngrok/ngrok-darwin-x64": {
      "version": "1.7.0",
      "resolved": "https://registry.npmjs.org/@ngrok/ngrok-darwin-x64/-/ngrok-darwin-x64-1.7.0.tgz",
      "integrity": "sha512-+fwMi5uHd9G8BS42MMa9ye6exI5lwTcjUO6Ut497Vu0qgLONdVRenRqnEePV+Q3KtQR7NjqkMnomVfkr9MBjtw==",
      "cpu": [
        "x64"
      ],
      "license": "MIT",
      "optional": true,
      "os": [
        "darwin"
      ],
      "engines": {
        "node": ">= 10"
      }
    },
    "node_modules/@ngrok/ngrok-freebsd-x64": {
      "version": "1.7.0",
      "resolved": "https://registry.npmjs.org/@ngrok/ngrok-freebsd-x64/-/ngrok-freebsd-x64-1.7.0.tgz",
      "integrity": "sha512-2OGgbrjy3yLRrqAz5N6hlUKIWIXSpR5RjQa2chtZMsSbszQ6c9dI+uVQfOKAeo05tHMUgrYAZ7FocC+ig0dzdQ==",
      "cpu": [
        "x64"
      ],
      "license": "MIT",
      "optional": true,
      "os": [
        "freebsd"
      ],
      "engines": {
        "node": ">= 10"
      }
    },
    "node_modules/@ngrok/ngrok-linux-arm-gnueabihf": {
      "version": "1.7.0",
      "resolved": "https://registry.npmjs.org/@ngrok/ngrok-linux-arm-gnueabihf/-/ngrok-linux-arm-gnueabihf-1.7.0.tgz",
      "integrity": "sha512-SN9YIfEQiR9xN90QVNvdgvAemqMLoFVSeTWZs779145hQMhvF9Qd9rnWi6J+2uNNK10OczdV1oc/nq1es7u/3g==",
      "cpu": [
        "arm"
      ],
      "license": "MIT",
      "optional": true,
      "os": [
        "linux"
      ],
      "engines": {
        "node": ">= 10"
      }
    },
    "node_modules/@ngrok/ngrok-linux-arm64-gnu": {
      "version": "1.7.0",
      "resolved": "https://registry.npmjs.org/@ngrok/ngrok-linux-arm64-gnu/-/ngrok-linux-arm64-gnu-1.7.0.tgz",
      "integrity": "sha512-KDMgzPKFU2kbpVSaA2RZBBia5IPdJEe063YlyVFnSMJmPYWCUnMwdybBsucXfV9u1Lw/ZjKTKotIlbTWGn3HGw==",
      "cpu": [
        "arm64"
      ],
      "libc": [
        "glibc"
      ],
      "license": "MIT",
      "optional": true,
      "os": [
        "linux"
      ],
      "engines": {
        "node": ">= 10"
      }
    },
    "node_modules/@ngrok/ngrok-linux-arm64-musl": {
      "version": "1.7.0",
      "resolved": "https://registry.npmjs.org/@ngrok/ngrok-linux-arm64-musl/-/ngrok-linux-arm64-musl-1.7.0.tgz",
      "integrity": "sha512-e66vUdVrBlQ0lT9ZdamB4U604zt5Gualt8/WVcUGzbu8s5LajWd6g/mzZCUjK4UepjvMpfgmCp1/+rX7Rk8d5A==",
      "cpu": [
        "arm64"
      ],
      "libc": [
        "musl"
      ],
      "license": "MIT",
      "optional": true,
      "os": [
        "linux"
      ],
      "engines": {
        "node": ">= 10"
      }
    },
    "node_modules/@ngrok/ngrok-linux-x64-gnu": {
      "version": "1.7.0",
      "resolved": "https://registry.npmjs.org/@ngrok/ngrok-linux-x64-gnu/-/ngrok-linux-x64-gnu-1.7.0.tgz",
      "integrity": "sha512-M6gF0DyOEFqXLfWxObfL3bxYZ4+PnKBHuyLVaqNfFN9Y5utY2mdPOn5422Ppbk4XoIK5/YkuhRqPJl/9FivKEw==",
      "cpu": [
        "x64"
      ],
      "libc": [
        "glibc"
      ],
      "license": "MIT",
      "optional": true,
      "os": [
        "linux"
      ],
      "engines": {
        "node": ">= 10"
      }
    },
    "node_modules/@ngrok/ngrok-linux-x64-musl": {
      "version": "1.7.0",
      "resolved": "https://registry.npmjs.org/@ngrok/ngrok-linux-x64-musl/-/ngrok-linux-x64-musl-1.7.0.tgz",
      "integrity": "sha512-4Ijm0dKeoyzZTMaYxR2EiNjtlK81ebflg/WYIO1XtleFrVy4UJEGnxtxEidYoT4BfCqi4uvXiK2Mx216xXKvog==",
      "cpu": [
        "x64"
      ],
      "libc": [
        "musl"
      ],
      "license": "MIT",
      "optional": true,
      "os": [
        "linux"
      ],
      "engines": {
        "node": ">= 10"
      }
    },
    "node_modules/@ngrok/ngrok-win32-arm64-msvc": {
      "version": "1.7.0",
      "resolved": "https://registry.npmjs.org/@ngrok/ngrok-win32-arm64-msvc/-/ngrok-win32-arm64-msvc-1.7.0.tgz",
      "integrity": "sha512-u7qyWIJI2/YG1HTBnHwUR1+Z2tyGfAsUAItJK/+N1G0FeWJhIWQvSIFJHlaPy4oW1Dc8mSDBX9qvVsiQgLaRFg==",
      "cpu": [
        "arm64"
      ],
      "license": "MIT",
      "optional": true,
      "os": [
        "win32"
      ],
      "engines": {
        "node": ">= 10"
      }
    },
    "node_modules/@ngrok/ngrok-win32-ia32-msvc": {
      "version": "1.7.0",
      "resolved": "https://registry.npmjs.org/@ngrok/ngrok-win32-ia32-msvc/-/ngrok-win32-ia32-msvc-1.7.0.tgz",
      "integrity": "sha512-/UdYUsLNv/Q8j9YJsyIfq/jLCoD8WP+NidouucTUzSoDtmOsXBBT3itLrmPiZTEdEgKiFYLuC1Zon8XQQvbVLA==",
      "cpu": [
        "ia32"
      ],
      "license": "MIT",
      "optional": true,
      "os": [
        "win32"
      ],
      "engines": {
        "node": ">= 10"
      }
    },
    "node_modules/@ngrok/ngrok-win32-x64-msvc": {
      "version": "1.7.0",
      "resolved": "https://registry.npmjs.org/@ngrok/ngrok-win32-x64-msvc/-/ngrok-win32-x64-msvc-1.7.0.tgz",
      "integrity": "sha512-UFJg/duEWzZlLkEs61Gz6/5nYhGaKI62I8dvUGdBR3NCtIMagehnFaFxmnXZldyHmCM8U0aCIFNpWRaKcrQkoA==",
      "cpu": [
        "x64"
      ],
      "license": "MIT",
      "optional": true,
      "os": [
        "win32"
      ],
      "engines": {
        "node": ">= 10"
      }
    },
    "node_modules/asn1": {
      "version": "0.2.6",
      "resolved": "https://registry.npmjs.org/asn1/-/asn1-0.2.6.tgz",
      "integrity": "sha512-ix/FxPn0MDjeyJ7i/yoHGFt/EX6LyNbxSEhPPXODPL+KB0VPk86UYfL0lMdy+KCnv+fmvIzySwaK5COwqVbWTQ==",
      "license": "MIT",
      "dependencies": {
        "safer-buffer": "~2.1.0"
      }
    },
    "node_modules/bcrypt-pbkdf": {
      "version": "1.0.2",
      "resolved": "https://registry.npmjs.org/bcrypt-pbkdf/-/bcrypt-pbkdf-1.0.2.tgz",
      "integrity": "sha512-qeFIXtP4MSoi6NLqO12WfqARWWuCKi2Rn/9hJLEmtB5yTNr9DqFWkJRCf2qShWzPeAMRnOgCrq0sg/KLv5ES9w==",
      "license": "BSD-3-Clause",
      "dependencies": {
        "tweetnacl": "^0.14.3"
      }
    },
    "node_modules/buildcheck": {
      "version": "0.0.7",
      "resolved": "https://registry.npmjs.org/buildcheck/-/buildcheck-0.0.7.tgz",
      "integrity": "sha512-lHblz4ahamxpTmnsk+MNTRWsjYKv965MwOrSJyeD588rR3Jcu7swE+0wN5F+PbL5cjgu/9ObkhfzEPuofEMwLA==",
      "optional": true,
      "engines": {
        "node": ">=10.0.0"
      }
    },
    "node_modules/commander": {
      "version": "14.0.3",
      "resolved": "https://registry.npmjs.org/commander/-/commander-14.0.3.tgz",
      "integrity": "sha512-H+y0Jo/T1RZ9qPP4Eh1pkcQcLRglraJaSLoyOtHxu6AapkjWVCy2Sit1QQ4x3Dng8qDlSsZEet7g5Pq06MvTgw==",
      "license": "MIT",
      "engines": {
        "node": ">=20"
      }
    },
    "node_modules/cpu-features": {
      "version": "0.0.10",
      "resolved": "https://registry.npmjs.org/cpu-features/-/cpu-features-0.0.10.tgz",
      "integrity": "sha512-9IkYqtX3YHPCzoVg1Py+o9057a3i0fp7S530UWokCSaFVTc7CwXPRiOjRjBQQ18ZCNafx78YfnG+HALxtVmOGA==",
      "hasInstallScript": true,
      "optional": true,
      "dependencies": {
        "buildcheck": "~0.0.6",
        "nan": "^2.19.0"
      },
      "engines": {
        "node": ">=10.0.0"
      }
    },
    "node_modules/nan": {
      "version": "2.26.2",
      "resolved": "https://registry.npmjs.org/nan/-/nan-2.26.2.tgz",
      "integrity": "sha512-0tTvBTYkt3tdGw22nrAy50x7gpbGCCFH3AFcyS5WiUu7Eu4vWlri1woE6qHBSfy11vksDqkiwjOnlR7WV8G1Hw==",
      "license": "MIT",
      "optional": true
    },
    "node_modules/safer-buffer": {
      "version": "2.1.2",
      "resolved": "https://registry.npmjs.org/safer-buffer/-/safer-buffer-2.1.2.tgz",
      "integrity": "sha512-YZo3K82SD7Riyi0E1EQPojLz7kpepnSQI9IyPbHHg1XXXevb5dJI7tpyN2ADxGcQbHG7vcyRHk0cbwqcQriUtg==",
      "license": "MIT"
    },
    "node_modules/ssh2": {
      "version": "1.17.0",
      "resolved": "https://registry.npmjs.org/ssh2/-/ssh2-1.17.0.tgz",
      "integrity": "sha512-wPldCk3asibAjQ/kziWQQt1Wh3PgDFpC0XpwclzKcdT1vql6KeYxf5LIt4nlFkUeR8WuphYMKqUA56X4rjbfgQ==",
      "hasInstallScript": true,
      "dependencies": {
        "asn1": "^0.2.6",
        "bcrypt-pbkdf": "^1.0.2"
      },
      "engines": {
        "node": ">=10.16.0"
      },
      "optionalDependencies": {
        "cpu-features": "~0.0.10",
        "nan": "^2.23.0"
      }
    },
    "node_modules/tweetnacl": {
      "version": "0.14.5",
      "resolved": "https://registry.npmjs.org/tweetnacl/-/tweetnacl-0.14.5.tgz",
      "integrity": "sha512-KXXFFdAbFXY4geFIwoyNK+f5Z1b7swfXABfL7HXCmoIWMKU3dmS26672A4EeQtDzLKy7SXmfBu51JolvEKwtGA==",
      "license": "Unlicense"
    }
  }
}
